// !$*UTF8*$!
{
	archiveVersion = 1;
	classes = {
	};
	objectVersion = 50;
	objects = {

/* Begin PBXBuildFile section */
		AC32904A231B01B200C33214 /* AppDelegate.swift in Sources */ = {isa = PBXBuildFile; fileRef = AC329049231B01B200C33214 /* AppDelegate.swift */; };
		AC32904F231B01B200C33214 /* Main.storyboard in Resources */ = {isa = PBXBuildFile; fileRef = AC32904D231B01B200C33214 /* Main.storyboard */; };
		AC329051231B01B300C33214 /* Assets.xcassets in Resources */ = {isa = PBXBuildFile; fileRef = AC329050231B01B300C33214 /* Assets.xcassets */; };
		AC329054231B01B300C33214 /* LaunchScreen.storyboard in Resources */ = {isa = PBXBuildFile; fileRef = AC329052231B01B300C33214 /* LaunchScreen.storyboard */; };
		C2D3B67E5DA82B5AE165A3C3 /* Pods_Fantasy_Companion.framework in Frameworks */ = {isa = PBXBuildFile; fileRef = 25302B2FD47809FAEFBE2668 /* Pods_Fantasy_Companion.framework */; };
/* End PBXBuildFile section */

/* Begin PBXFileReference section */
		25302B2FD47809FAEFBE2668 /* Pods_Fantasy_Companion.framework */ = {isa = PBXFileReference; explicitFileType = wrapper.framework; includeInIndex = 0; path = Pods_Fantasy_Companion.framework; sourceTree = BUILT_PRODUCTS_DIR; };
		6F3050DF9A1F3634DD43858A /* Pods-Fantasy-Companion.debug.xcconfig */ = {isa = PBXFileReference; includeInIndex = 1; lastKnownFileType = text.xcconfig; name = "Pods-Fantasy-Companion.debug.xcconfig"; path = "Pods/Target Support Files/Pods-Fantasy-Companion/Pods-Fantasy-Companion.debug.xcconfig"; sourceTree = "<group>"; };
		AC329046231B01B200C33214 /* Fantasy-Companion.app */ = {isa = PBXFileReference; explicitFileType = wrapper.application; includeInIndex = 0; path = "Fantasy-Companion.app"; sourceTree = BUILT_PRODUCTS_DIR; };
		AC329049231B01B200C33214 /* AppDelegate.swift */ = {isa = PBXFileReference; lastKnownFileType = sourcecode.swift; path = AppDelegate.swift; sourceTree = "<group>"; };
		AC32904E231B01B200C33214 /* Base */ = {isa = PBXFileReference; lastKnownFileType = file.storyboard; name = Base; path = Base.lproj/Main.storyboard; sourceTree = "<group>"; };
		AC329050231B01B300C33214 /* Assets.xcassets */ = {isa = PBXFileReference; lastKnownFileType = folder.assetcatalog; path = Assets.xcassets; sourceTree = "<group>"; };
		AC329053231B01B300C33214 /* Base */ = {isa = PBXFileReference; lastKnownFileType = file.storyboard; name = Base; path = Base.lproj/LaunchScreen.storyboard; sourceTree = "<group>"; };
		AC329055231B01B300C33214 /* Info.plist */ = {isa = PBXFileReference; lastKnownFileType = text.plist.xml; path = Info.plist; sourceTree = "<group>"; };
		B4C2CF4B294A9FBA20F25264 /* Pods-Fantasy-Companion.release.xcconfig */ = {isa = PBXFileReference; includeInIndex = 1; lastKnownFileType = text.xcconfig; name = "Pods-Fantasy-Companion.release.xcconfig"; path = "Pods/Target Support Files/Pods-Fantasy-Companion/Pods-Fantasy-Companion.release.xcconfig"; sourceTree = "<group>"; };
/* End PBXFileReference section */

/* Begin PBXFrameworksBuildPhase section */
		AC329043231B01B200C33214 /* Frameworks */ = {
			isa = PBXFrameworksBuildPhase;
			buildActionMask = 2147483647;
			files = (
				C2D3B67E5DA82B5AE165A3C3 /* Pods_Fantasy_Companion.framework in Frameworks */,
			);
			runOnlyForDeploymentPostprocessing = 0;
		};
/* End PBXFrameworksBuildPhase section */

/* Begin PBXGroup section */
		31288E7C6565044544820BA1 /* Pods */ = {
			isa = PBXGroup;
			children = (
				6F3050DF9A1F3634DD43858A /* Pods-Fantasy-Companion.debug.xcconfig */,
				B4C2CF4B294A9FBA20F25264 /* Pods-Fantasy-Companion.release.xcconfig */,
			);
			name = Pods;
			sourceTree = "<group>";
		};
		497B01845584F9CE2A92F11E /* Frameworks */ = {
			isa = PBXGroup;
			children = (
				25302B2FD47809FAEFBE2668 /* Pods_Fantasy_Companion.framework */,
			);
			name = Frameworks;
			sourceTree = "<group>";
		};
		AC32903D231B01B200C33214 = {
			isa = PBXGroup;
			children = (
				AC329048231B01B200C33214 /* Fantasy-Companion */,
				AC329047231B01B200C33214 /* Products */,
				31288E7C6565044544820BA1 /* Pods */,
				497B01845584F9CE2A92F11E /* Frameworks */,
			);
			sourceTree = "<group>";
		};
		AC329047231B01B200C33214 /* Products */ = {
			isa = PBXGroup;
			children = (
				AC329046231B01B200C33214 /* Fantasy-Companion.app */,
			);
			name = Products;
			sourceTree = "<group>";
		};
		AC329048231B01B200C33214 /* Fantasy-Companion */ = {
			isa = PBXGroup;
			children = (
				AC32905B231B01C700C33214 /* Resources */,
				AC32905F231B01ED00C33214 /* Storyboards */,
			);
			path = "Fantasy-Companion";
			sourceTree = "<group>";
		};
		AC32905B231B01C700C33214 /* Resources */ = {
			isa = PBXGroup;
			children = (
				AC32905D231B01D800C33214 /* App */,
				AC32905C231B01D000C33214 /* Assets */,
				AC32905E231B01DF00C33214 /* Plists */,
			);
			path = Resources;
			sourceTree = "<group>";
		};
		AC32905C231B01D000C33214 /* Assets */ = {
			isa = PBXGroup;
			children = (
				AC329050231B01B300C33214 /* Assets.xcassets */,
			);
			path = Assets;
			sourceTree = "<group>";
		};
		AC32905D231B01D800C33214 /* App */ = {
			isa = PBXGroup;
			children = (
				AC329049231B01B200C33214 /* AppDelegate.swift */,
			);
			path = App;
			sourceTree = "<group>";
		};
		AC32905E231B01DF00C33214 /* Plists */ = {
			isa = PBXGroup;
			children = (
				AC329055231B01B300C33214 /* Info.plist */,
			);
			path = Plists;
			sourceTree = "<group>";
		};
		AC32905F231B01ED00C33214 /* Storyboards */ = {
			isa = PBXGroup;
			children = (
				AC32904D231B01B200C33214 /* Main.storyboard */,
				AC329052231B01B300C33214 /* LaunchScreen.storyboard */,
			);
			path = Storyboards;
			sourceTree = "<group>";
		};
/* End PBXGroup section */

/* Begin PBXNativeTarget section */
		AC329045231B01B200C33214 /* Fantasy-Companion */ = {
			isa = PBXNativeTarget;
			buildConfigurationList = AC329058231B01B300C33214 /* Build configuration list for PBXNativeTarget "Fantasy-Companion" */;
			buildPhases = (
				4163E26599DE3AF29AC1DF9F /* [CP] Check Pods Manifest.lock */,
				AC329042231B01B200C33214 /* Sources */,
				AC329043231B01B200C33214 /* Frameworks */,
				AC329044231B01B200C33214 /* Resources */,
				1A6304A6BF804BC5918F5B76 /* [CP] Embed Pods Frameworks */,
			);
			buildRules = (
			);
			dependencies = (
			);
			name = "Fantasy-Companion";
			productName = "Fantasy-Companion";
			productReference = AC329046231B01B200C33214 /* Fantasy-Companion.app */;
			productType = "com.apple.product-type.application";
		};
/* End PBXNativeTarget section */

/* Begin PBXProject section */
		AC32903E231B01B200C33214 /* Project object */ = {
			isa = PBXProject;
			attributes = {
				LastSwiftUpdateCheck = 1030;
				LastUpgradeCheck = 1030;
				ORGANIZATIONNAME = Vikram;
				TargetAttributes = {
					AC329045231B01B200C33214 = {
						CreatedOnToolsVersion = 10.3;
					};
				};
			};
			buildConfigurationList = AC329041231B01B200C33214 /* Build configuration list for PBXProject "Fantasy-Companion" */;
			compatibilityVersion = "Xcode 9.3";
			developmentRegion = en;
			hasScannedForEncodings = 0;
			knownRegions = (
				en,
				Base,
			);
			mainGroup = AC32903D231B01B200C33214;
			productRefGroup = AC329047231B01B200C33214 /* Products */;
			projectDirPath = "";
			projectRoot = "";
			targets = (
				AC329045231B01B200C33214 /* Fantasy-Companion */,
			);
		};
/* End PBXProject section */

/* Begin PBXResourcesBuildPhase section */
		AC329044231B01B200C33214 /* Resources */ = {
			isa = PBXResourcesBuildPhase;
			buildActionMask = 2147483647;
			files = (
				AC329054231B01B300C33214 /* LaunchScreen.storyboard in Resources */,
				AC329051231B01B300C33214 /* Assets.xcassets in Resources */,
				AC32904F231B01B200C33214 /* Main.storyboard in Resources */,
			);
			runOnlyForDeploymentPostprocessing = 0;
		};
/* End PBXResourcesBuildPhase section */

/* Begin PBXShellScriptBuildPhase section */
		1A6304A6BF804BC5918F5B76 /* [CP] Embed Pods Frameworks */ = {
			isa = PBXShellScriptBuildPhase;
			buildActionMask = 2147483647;
			files = (
			);
			inputPaths = (
				"${SRCROOT}/Pods/Target Support Files/Pods-Fantasy-Companion/Pods-Fantasy-Companion-frameworks.sh",
				"${BUILT_PRODUCTS_DIR}/PromisesObjC/FBLPromises.framework",
				"${BUILT_PRODUCTS_DIR}/PromisesSwift/Promises.framework",
			);
			name = "[CP] Embed Pods Frameworks";
			outputPaths = (
				"${TARGET_BUILD_DIR}/${FRAMEWORKS_FOLDER_PATH}/FBLPromises.framework",
				"${TARGET_BUILD_DIR}/${FRAMEWORKS_FOLDER_PATH}/Promises.framework",
			);
			runOnlyForDeploymentPostprocessing = 0;
			shellPath = /bin/sh;
			shellScript = "\"${SRCROOT}/Pods/Target Support Files/Pods-Fantasy-Companion/Pods-Fantasy-Companion-frameworks.sh\"\n";
			showEnvVarsInLog = 0;
		};
		4163E26599DE3AF29AC1DF9F /* [CP] Check Pods Manifest.lock */ = {
			isa = PBXShellScriptBuildPhase;
			buildActionMask = 2147483647;
			files = (
			);
			inputPaths = (
				"${PODS_PODFILE_DIR_PATH}/Podfile.lock",
				"${PODS_ROOT}/Manifest.lock",
			);
			name = "[CP] Check Pods Manifest.lock";
			outputPaths = (
				"$(DERIVED_FILE_DIR)/Pods-Fantasy-Companion-checkManifestLockResult.txt",
			);
			runOnlyForDeploymentPostprocessing = 0;
			shellPath = /bin/sh;
			shellScript = "diff \"${PODS_PODFILE_DIR_PATH}/Podfile.lock\" \"${PODS_ROOT}/Manifest.lock\" > /dev/null\nif [ $? != 0 ] ; then\n    # print error to STDERR\n    echo \"error: The sandbox is not in sync with the Podfile.lock. Run 'pod install' or update your CocoaPods installation.\" >&2\n    exit 1\nfi\n# This output is used by Xcode 'outputs' to avoid re-running this script phase.\necho \"SUCCESS\" > \"${SCRIPT_OUTPUT_FILE_0}\"\n";
			showEnvVarsInLog = 0;
		};
/* End PBXShellScriptBuildPhase section */

/* Begin PBXSourcesBuildPhase section */
		AC329042231B01B200C33214 /* Sources */ = {
			isa = PBXSourcesBuildPhase;
			buildActionMask = 2147483647;
			files = (
				AC32904A231B01B200C33214 /* AppDelegate.swift in Sources */,
			);
			runOnlyForDeploymentPostprocessing = 0;
		};
/* End PBXSourcesBuildPhase section */

/* Begin PBXVariantGroup section */
		AC32904D231B01B200C33214 /* Main.storyboard */ = {
			isa = PBXVariantGroup;
			children = (
				AC32904E231B01B200C33214 /* Base */,
			);
			name = Main.storyboard;
			sourceTree = "<group>";
		};
		AC329052231B01B300C33214 /* LaunchScreen.storyboard */ = {
			isa = PBXVariantGroup;
			children = (
				AC329053231B01B300C33214 /* Base */,
			);
			name = LaunchScreen.storyboard;
			sourceTree = "<group>";
		};
/* End PBXVariantGroup section */

/* Begin XCBuildConfiguration section */
		AC329056231B01B300C33214 /* Debug */ = {
			isa = XCBuildConfiguration;
			buildSettings = {
				ALWAYS_SEARCH_USER_PATHS = NO;
				CLANG_ANALYZER_NONNULL = YES;
				CLANG_ANALYZER_NUMBER_OBJECT_CONVERSION = YES_AGGRESSIVE;
				CLANG_CXX_LANGUAGE_STANDARD = "gnu++14";
				CLANG_CXX_LIBRARY = "libc++";
				CLANG_ENABLE_MODULES = YES;
				CLANG_ENABLE_OBJC_ARC = YES;
				CLANG_ENABLE_OBJC_WEAK = YES;
				CLANG_WARN_BLOCK_CAPTURE_AUTORELEASING = YES;
				CLANG_WARN_BOOL_CONVERSION = YES;
				CLANG_WARN_COMMA = YES;
				CLANG_WARN_CONSTANT_CONVERSION = YES;
				CLANG_WARN_DEPRECATED_OBJC_IMPLEMENTATIONS = YES;
				CLANG_WARN_DIRECT_OBJC_ISA_USAGE = YES_ERROR;
				CLANG_WARN_DOCUMENTATION_COMMENTS = YES;
				CLANG_WARN_EMPTY_BODY = YES;
				CLANG_WARN_ENUM_CONVERSION = YES;
				CLANG_WARN_INFINITE_RECURSION = YES;
				CLANG_WARN_INT_CONVERSION = YES;
				CLANG_WARN_NON_LITERAL_NULL_CONVERSION = YES;
				CLANG_WARN_OBJC_IMPLICIT_RETAIN_SELF = YES;
				CLANG_WARN_OBJC_LITERAL_CONVERSION = YES;
				CLANG_WARN_OBJC_ROOT_CLASS = YES_ERROR;
				CLANG_WARN_RANGE_LOOP_ANALYSIS = YES;
				CLANG_WARN_STRICT_PROTOTYPES = YES;
				CLANG_WARN_SUSPICIOUS_MOVE = YES;
				CLANG_WARN_UNGUARDED_AVAILABILITY = YES_AGGRESSIVE;
				CLANG_WARN_UNREACHABLE_CODE = YES;
				CLANG_WARN__DUPLICATE_METHOD_MATCH = YES;
				CODE_SIGN_IDENTITY = "iPhone Developer";
				COPY_PHASE_STRIP = NO;
				DEBUG_INFORMATION_FORMAT = dwarf;
				ENABLE_STRICT_OBJC_MSGSEND = YES;
				ENABLE_TESTABILITY = YES;
				GCC_C_LANGUAGE_STANDARD = gnu11;
				GCC_DYNAMIC_NO_PIC = NO;
				GCC_NO_COMMON_BLOCKS = YES;
				GCC_OPTIMIZATION_LEVEL = 0;
				GCC_PREPROCESSOR_DEFINITIONS = (
					"DEBUG=1",
					"$(inherited)",
				);
				GCC_WARN_64_TO_32_BIT_CONVERSION = YES;
				GCC_WARN_ABOUT_RETURN_TYPE = YES_ERROR;
				GCC_WARN_UNDECLARED_SELECTOR = YES;
				GCC_WARN_UNINITIALIZED_AUTOS = YES_AGGRESSIVE;
				GCC_WARN_UNUSED_FUNCTION = YES;
				GCC_WARN_UNUSED_VARIABLE = YES;
				IPHONEOS_DEPLOYMENT_TARGET = 12.4;
				MTL_ENABLE_DEBUG_INFO = INCLUDE_SOURCE;
				MTL_FAST_MATH = YES;
				ONLY_ACTIVE_ARCH = YES;
				SDKROOT = iphoneos;
				SWIFT_ACTIVE_COMPILATION_CONDITIONS = DEBUG;
				SWIFT_OPTIMIZATION_LEVEL = "-Onone";
			};
			name = Debug;
		};
		AC329057231B01B300C33214 /* Release */ = {
			isa = XCBuildConfiguration;
			buildSettings = {
				ALWAYS_SEARCH_USER_PATHS = NO;
				CLANG_ANALYZER_NONNULL = YES;
				CLANG_ANALYZER_NUMBER_OBJECT_CONVERSION = YES_AGGRESSIVE;
				CLANG_CXX_LANGUAGE_STANDARD = "gnu++14";
				CLANG_CXX_LIBRARY = "libc++";
				CLANG_ENABLE_MODULES = YES;
				CLANG_ENABLE_OBJC_ARC = YES;
				CLANG_ENABLE_OBJC_WEAK = YES;
				CLANG_WARN_BLOCK_CAPTURE_AUTORELEASING = YES;
				CLANG_WARN_BOOL_CONVERSION = YES;
				CLANG_WARN_COMMA = YES;
				CLANG_WARN_CONSTANT_CONVERSION = YES;
				CLANG_WARN_DEPRECATED_OBJC_IMPLEMENTATIONS = YES;
				CLANG_WARN_DIRECT_OBJC_ISA_USAGE = YES_ERROR;
				CLANG_WARN_DOCUMENTATION_COMMENTS = YES;
				CLANG_WARN_EMPTY_BODY = YES;
				CLANG_WARN_ENUM_CONVERSION = YES;
				CLANG_WARN_INFINITE_RECURSION = YES;
				CLANG_WARN_INT_CONVERSION = YES;
				CLANG_WARN_NON_LITERAL_NULL_CONVERSION = YES;
				CLANG_WARN_OBJC_IMPLICIT_RETAIN_SELF = YES;
				CLANG_WARN_OBJC_LITERAL_CONVERSION = YES;
				CLANG_WARN_OBJC_ROOT_CLASS = YES_ERROR;
				CLANG_WARN_RANGE_LOOP_ANALYSIS = YES;
				CLANG_WARN_STRICT_PROTOTYPES = YES;
				CLANG_WARN_SUSPICIOUS_MOVE = YES;
				CLANG_WARN_UNGUARDED_AVAILABILITY = YES_AGGRESSIVE;
				CLANG_WARN_UNREACHABLE_CODE = YES;
				CLANG_WARN__DUPLICATE_METHOD_MATCH = YES;
				CODE_SIGN_IDENTITY = "iPhone Developer";
				COPY_PHASE_STRIP = NO;
				DEBUG_INFORMATION_FORMAT = "dwarf-with-dsym";
				ENABLE_NS_ASSERTIONS = NO;
				ENABLE_STRICT_OBJC_MSGSEND = YES;
				GCC_C_LANGUAGE_STANDARD = gnu11;
				GCC_NO_COMMON_BLOCKS = YES;
				GCC_WARN_64_TO_32_BIT_CONVERSION = YES;
				GCC_WARN_ABOUT_RETURN_TYPE = YES_ERROR;
				GCC_WARN_UNDECLARED_SELECTOR = YES;
				GCC_WARN_UNINITIALIZED_AUTOS = YES_AGGRESSIVE;
				GCC_WARN_UNUSED_FUNCTION = YES;
				GCC_WARN_UNUSED_VARIABLE = YES;
				IPHONEOS_DEPLOYMENT_TARGET = 12.4;
				MTL_ENABLE_DEBUG_INFO = NO;
				MTL_FAST_MATH = YES;
				SDKROOT = iphoneos;
				SWIFT_COMPILATION_MODE = wholemodule;
				SWIFT_OPTIMIZATION_LEVEL = "-O";
				VALIDATE_PRODUCT = YES;
			};
			name = Release;
		};
		AC329059231B01B300C33214 /* Debug */ = {
			isa = XCBuildConfiguration;
			baseConfigurationReference = 6F3050DF9A1F3634DD43858A /* Pods-Fantasy-Companion.debug.xcconfig */;
			buildSettings = {
				ASSETCATALOG_COMPILER_APPICON_NAME = AppIcon;
				CODE_SIGN_STYLE = Automatic;
				DEVELOPMENT_TEAM = RG4P3VPKUM;
				INFOPLIST_FILE = "$(SRCROOT)/Fantasy-Companion/Resources/Plists/Info.plist";
				LD_RUNPATH_SEARCH_PATHS = (
					"$(inherited)",
					"@executable_path/Frameworks",
				);
				PRODUCT_BUNDLE_IDENTIFIER = "Vikram.Fantasy-Companion";
				PRODUCT_NAME = "$(TARGET_NAME)";
				SWIFT_VERSION = 5.0;
				TARGETED_DEVICE_FAMILY = "1,2";
			};
			name = Debug;
		};
		AC32905A231B01B300C33214 /* Release */ = {
			isa = XCBuildConfiguration;
			baseConfigurationReference = B4C2CF4B294A9FBA20F25264 /* Pods-Fantasy-Companion.release.xcconfig */;
			buildSettings = {
				ASSETCATALOG_COMPILER_APPICON_NAME = AppIcon;
				CODE_SIGN_STYLE = Automatic;
				DEVELOPMENT_TEAM = RG4P3VPKUM;
				INFOPLIST_FILE = "$(SRCROOT)/Fantasy-Companion/Resources/Plists/Info.plist";
				LD_RUNPATH_SEARCH_PATHS = (
					"$(inherited)",
					"@executable_path/Frameworks",
				);
				PRODUCT_BUNDLE_IDENTIFIER = "Vikram.Fantasy-Companion";
				PRODUCT_NAME = "$(TARGET_NAME)";
				SWIFT_VERSION = 5.0;
				TARGETED_DEVICE_FAMILY = "1,2";
			};
			name = Release;
		};
/* End XCBuildConfiguration section */

/* Begin XCConfigurationList section */
		AC329041231B01B200C33214 /* Build configuration list for PBXProject "Fantasy-Companion" */ = {
			isa = XCConfigurationList;
			buildConfigurations = (
				AC329056231B01B300C33214 /* Debug */,
				AC329057231B01B300C33214 /* Release */,
			);
			defaultConfigurationIsVisible = 0;
			defaultConfigurationName = Release;
		};
		AC329058231B01B300C33214 /* Build configuration list for PBXNativeTarget "Fantasy-Companion" */ = {
			isa = XCConfigurationList;
			buildConfigurations = (
				AC329059231B01B300C33214 /* Debug */,
				AC32905A231B01B300C33214 /* Release */,
			);
			defaultConfigurationIsVisible = 0;
			defaultConfigurationName = Release;
		};
/* End XCConfigurationList section */
	};
	rootObject = AC32903E231B01B200C33214 /* Project object */;
}
